
Microsoft Visual Studio Solution File, Format Version 12.00
# Visual Studio Version 16
VisualStudioVersion = 16.0.31019.35
MinimumVisualStudioVersion = 10.0.40219.1
Project("{FAE04EC0-301F-11D3-BF4B-00C04F79EFBC}") = "ProvaAncelmo", "ProvaAncelmo.csproj", "{EA28E278-4B38-4C14-A171-278870D3B7BF}"
EndProject
Global
	GlobalSection(SolutionConfigurationPlatforms) = preSolution
		Debug|Any CPU = Debug|Any CPU
		Release|Any CPU = Release|Any CPU
	EndGlobalSection
	GlobalSection(ProjectConfigurationPlatforms) = postSolution
		{EA28E278-4B38-4C14-A171-278870D3B7BF}.Debug|Any CPU.ActiveCfg = Debug|Any CPU
		{EA28E278-4B38-4C14-A171-278870D3B7BF}.Debug|Any CPU.Build.0 = Debug|Any CPU
		{EA28E278-4B38-4C14-A171-278870D3B7BF}.Release|Any CPU.ActiveCfg = Release|Any CPU
		{EA28E278-4B38-4C14-A171-278870D3B7BF}.Release|Any CPU.Build.0 = Release|Any CPU
	EndGlobalSection
	GlobalSection(SolutionProperties) = preSolution
		HideSolutionNode = FALSE
	EndGlobalSection
	GlobalSection(ExtensibilityGlobals) = postSolution
		SolutionGuid = {CEF57CA4-DF8E-4DCA-AF8B-3920E0684C9F}
	EndGlobalSection
EndGlobal
